
Microsoft Visual Studio Solution File, Format Version 12.00
# Visual Studio 15
Project("{FAE04EC0-301F-11D3-BF4B-00C04F79EFBC}") = "Boxophobic.Utils.Scripts", "Boxophobic.Utils.Scripts.csproj", "{4C24E757-CF37-A33B-88E2-EFA86200A2A2}"
EndProject
Project("{FAE04EC0-301F-11D3-BF4B-00C04F79EFBC}") = "Assembly-CSharp", "Assembly-CSharp.csproj", "{21F56AF8-96AD-798C-F554-C61C309F78AA}"
EndProject
Project("{FAE04EC0-301F-11D3-BF4B-00C04F79EFBC}") = "Boxophobic.Utils.Editor", "Boxophobic.Utils.Editor.csproj", "{E146FE8D-6F03-69C3-750E-7E4874E84ADF}"
EndProject
Project("{FAE04EC0-301F-11D3-BF4B-00C04F79EFBC}") = "Boxophobic.SkyboxCubemapExtended.Editor", "Boxophobic.SkyboxCubemapExtended.Editor.csproj", "{3394663E-CF4F-85C4-01E5-A36F54370D5B}"
EndProject
Global
	GlobalSection(SolutionConfigurationPlatforms) = preSolution
		Debug|Any CPU = Debug|Any CPU
		Release|Any CPU = Release|Any CPU
	EndGlobalSection
	GlobalSection(ProjectConfigurationPlatforms) = postSolution
		{4C24E757-CF37-A33B-88E2-EFA86200A2A2}.Debug|Any CPU.ActiveCfg = Debug|Any CPU
		{4C24E757-CF37-A33B-88E2-EFA86200A2A2}.Debug|Any CPU.Build.0 = Debug|Any CPU
		{4C24E757-CF37-A33B-88E2-EFA86200A2A2}.Release|Any CPU.ActiveCfg = Release|Any CPU
		{4C24E757-CF37-A33B-88E2-EFA86200A2A2}.Release|Any CPU.Build.0 = Release|Any CPU
		{21F56AF8-96AD-798C-F554-C61C309F78AA}.Debug|Any CPU.ActiveCfg = Debug|Any CPU
		{21F56AF8-96AD-798C-F554-C61C309F78AA}.Debug|Any CPU.Build.0 = Debug|Any CPU
		{21F56AF8-96AD-798C-F554-C61C309F78AA}.Release|Any CPU.ActiveCfg = Release|Any CPU
		{21F56AF8-96AD-798C-F554-C61C309F78AA}.Release|Any CPU.Build.0 = Release|Any CPU
		{E146FE8D-6F03-69C3-750E-7E4874E84ADF}.Debug|Any CPU.ActiveCfg = Debug|Any CPU
		{E146FE8D-6F03-69C3-750E-7E4874E84ADF}.Debug|Any CPU.Build.0 = Debug|Any CPU
		{E146FE8D-6F03-69C3-750E-7E4874E84ADF}.Release|Any CPU.ActiveCfg = Release|Any CPU
		{E146FE8D-6F03-69C3-750E-7E4874E84ADF}.Release|Any CPU.Build.0 = Release|Any CPU
		{3394663E-CF4F-85C4-01E5-A36F54370D5B}.Debug|Any CPU.ActiveCfg = Debug|Any CPU
		{3394663E-CF4F-85C4-01E5-A36F54370D5B}.Debug|Any CPU.Build.0 = Debug|Any CPU
		{3394663E-CF4F-85C4-01E5-A36F54370D5B}.Release|Any CPU.ActiveCfg = Release|Any CPU
		{3394663E-CF4F-85C4-01E5-A36F54370D5B}.Release|Any CPU.Build.0 = Release|Any CPU
	EndGlobalSection
	GlobalSection(SolutionProperties) = preSolution
		HideSolutionNode = FALSE
	EndGlobalSection
EndGlobal
