
Microsoft Visual Studio Solution File, Format Version 12.00
# Visual Studio 15
Project("{FAE04EC0-301F-11D3-BF4B-00C04F79EFBC}") = "Assembly-CSharp", "Assembly-CSharp.csproj", "{A3E69AF8-42B6-3F6A-08A7-31F30C4FF0E4}"
EndProject
Project("{FAE04EC0-301F-11D3-BF4B-00C04F79EFBC}") = "SimpleFolderIcon", "SimpleFolderIcon.csproj", "{40448599-A49C-5E90-B744-6AE105D4154C}"
EndProject
Project("{FAE04EC0-301F-11D3-BF4B-00C04F79EFBC}") = "Assembly-CSharp-Editor", "Assembly-CSharp-Editor.csproj", "{8692E99D-39A5-79EA-D47C-8C5B2492EA08}"
EndProject
Project("{2150E333-8FDC-42A3-9474-1A3956D46DE8}") = "Solution Items", "Solution Items", "{88359716-852B-4137-924D-00D4E511D329}"
	ProjectSection(SolutionItems) = preProject
		Graph1.dgml = Graph1.dgml
	EndProjectSection
EndProject
Global
	GlobalSection(SolutionConfigurationPlatforms) = preSolution
		Debug|Any CPU = Debug|Any CPU
		Release|Any CPU = Release|Any CPU
	EndGlobalSection
	GlobalSection(ProjectConfigurationPlatforms) = postSolution
		{A3E69AF8-42B6-3F6A-08A7-31F30C4FF0E4}.Debug|Any CPU.ActiveCfg = Debug|Any CPU
		{A3E69AF8-42B6-3F6A-08A7-31F30C4FF0E4}.Debug|Any CPU.Build.0 = Debug|Any CPU
		{A3E69AF8-42B6-3F6A-08A7-31F30C4FF0E4}.Release|Any CPU.ActiveCfg = Release|Any CPU
		{A3E69AF8-42B6-3F6A-08A7-31F30C4FF0E4}.Release|Any CPU.Build.0 = Release|Any CPU
		{40448599-A49C-5E90-B744-6AE105D4154C}.Debug|Any CPU.ActiveCfg = Debug|Any CPU
		{40448599-A49C-5E90-B744-6AE105D4154C}.Debug|Any CPU.Build.0 = Debug|Any CPU
		{40448599-A49C-5E90-B744-6AE105D4154C}.Release|Any CPU.ActiveCfg = Release|Any CPU
		{40448599-A49C-5E90-B744-6AE105D4154C}.Release|Any CPU.Build.0 = Release|Any CPU
		{8692E99D-39A5-79EA-D47C-8C5B2492EA08}.Debug|Any CPU.ActiveCfg = Debug|Any CPU
		{8692E99D-39A5-79EA-D47C-8C5B2492EA08}.Debug|Any CPU.Build.0 = Debug|Any CPU
		{8692E99D-39A5-79EA-D47C-8C5B2492EA08}.Release|Any CPU.ActiveCfg = Release|Any CPU
		{8692E99D-39A5-79EA-D47C-8C5B2492EA08}.Release|Any CPU.Build.0 = Release|Any CPU
	EndGlobalSection
	GlobalSection(SolutionProperties) = preSolution
		HideSolutionNode = FALSE
	EndGlobalSection
EndGlobal
